// !$*UTF8*$!
{
	archiveVersion = 1;
	classes = {
	};
	objectVersion = 50;
	objects = {

/* Begin PBXBuildFile section */
		FC15CF1EBC91D76D3FC536D2 /* Pods_ByteCoin.framework in Frameworks */ = {isa = PBXBuildFile; fileRef = DA38B2693C595CF7BC4EB0A4 /* Pods_ByteCoin.framework */; };
		FE788C7124D1A2DF0000EF5B /* AppDelegate.swift in Sources */ = {isa = PBXBuildFile; fileRef = FE788C7024D1A2DF0000EF5B /* AppDelegate.swift */; };
		FE788C7324D1A2DF0000EF5B /* SceneDelegate.swift in Sources */ = {isa = PBXBuildFile; fileRef = FE788C7224D1A2DF0000EF5B /* SceneDelegate.swift */; };
		FE788C7524D1A2DF0000EF5B /* ByteCoinViewController.swift in Sources */ = {isa = PBXBuildFile; fileRef = FE788C7424D1A2DF0000EF5B /* ByteCoinViewController.swift */; };
		FE788C7824D1A2DF0000EF5B /* Main.storyboard in Resources */ = {isa = PBXBuildFile; fileRef = FE788C7624D1A2DF0000EF5B /* Main.storyboard */; };
		FE788C7A24D1A2E10000EF5B /* Assets.xcassets in Resources */ = {isa = PBXBuildFile; fileRef = FE788C7924D1A2E10000EF5B /* Assets.xcassets */; };
		FE788C7D24D1A2E10000EF5B /* LaunchScreen.storyboard in Resources */ = {isa = PBXBuildFile; fileRef = FE788C7B24D1A2E10000EF5B /* LaunchScreen.storyboard */; };
		FE788C8A24D1BB760000EF5B /* CurrencyData.swift in Sources */ = {isa = PBXBuildFile; fileRef = FE788C8924D1BB760000EF5B /* CurrencyData.swift */; };
		FE788C8C24D1BBD80000EF5B /* CurrencyManager.swift in Sources */ = {isa = PBXBuildFile; fileRef = FE788C8B24D1BBD80000EF5B /* CurrencyManager.swift */; };
		FE788C8E24D1BBF90000EF5B /* CurrencyModel.swift in Sources */ = {isa = PBXBuildFile; fileRef = FE788C8D24D1BBF90000EF5B /* CurrencyModel.swift */; };
		FE839A6224D1C16200D51632 /* Settings.swift in Sources */ = {isa = PBXBuildFile; fileRef = FE839A6124D1C16200D51632 /* Settings.swift */; };
		FE839A6624D1E4FA00D51632 /* StackViewBackground.swift in Sources */ = {isa = PBXBuildFile; fileRef = FE839A6524D1E4FA00D51632 /* StackViewBackground.swift */; };
/* End PBXBuildFile section */

/* Begin PBXFileReference section */
		5C433A273496982FD446AA54 /* Pods-ByteCoin.release.xcconfig */ = {isa = PBXFileReference; includeInIndex = 1; lastKnownFileType = text.xcconfig; name = "Pods-ByteCoin.release.xcconfig"; path = "Target Support Files/Pods-ByteCoin/Pods-ByteCoin.release.xcconfig"; sourceTree = "<group>"; };
		9A208E1DF4557574DFBD410E /* Pods-ByteCoin.debug.xcconfig */ = {isa = PBXFileReference; includeInIndex = 1; lastKnownFileType = text.xcconfig; name = "Pods-ByteCoin.debug.xcconfig"; path = "Target Support Files/Pods-ByteCoin/Pods-ByteCoin.debug.xcconfig"; sourceTree = "<group>"; };
		DA38B2693C595CF7BC4EB0A4 /* Pods_ByteCoin.framework */ = {isa = PBXFileReference; explicitFileType = wrapper.framework; includeInIndex = 0; path = Pods_ByteCoin.framework; sourceTree = BUILT_PRODUCTS_DIR; };
		FE788C6D24D1A2DF0000EF5B /* ByteCoin.app */ = {isa = PBXFileReference; explicitFileType = wrapper.application; includeInIndex = 0; path = ByteCoin.app; sourceTree = BUILT_PRODUCTS_DIR; };
		FE788C7024D1A2DF0000EF5B /* AppDelegate.swift */ = {isa = PBXFileReference; lastKnownFileType = sourcecode.swift; path = AppDelegate.swift; sourceTree = "<group>"; };
		FE788C7224D1A2DF0000EF5B /* SceneDelegate.swift */ = {isa = PBXFileReference; lastKnownFileType = sourcecode.swift; path = SceneDelegate.swift; sourceTree = "<group>"; };
		FE788C7424D1A2DF0000EF5B /* ByteCoinViewController.swift */ = {isa = PBXFileReference; lastKnownFileType = sourcecode.swift; path = ByteCoinViewController.swift; sourceTree = "<group>"; };
		FE788C7724D1A2DF0000EF5B /* Base */ = {isa = PBXFileReference; lastKnownFileType = file.storyboard; name = Base; path = Base.lproj/Main.storyboard; sourceTree = "<group>"; };
		FE788C7924D1A2E10000EF5B /* Assets.xcassets */ = {isa = PBXFileReference; lastKnownFileType = folder.assetcatalog; path = Assets.xcassets; sourceTree = "<group>"; };
		FE788C7C24D1A2E10000EF5B /* Base */ = {isa = PBXFileReference; lastKnownFileType = file.storyboard; name = Base; path = Base.lproj/LaunchScreen.storyboard; sourceTree = "<group>"; };
		FE788C7E24D1A2E10000EF5B /* Info.plist */ = {isa = PBXFileReference; lastKnownFileType = text.plist.xml; path = Info.plist; sourceTree = "<group>"; };
		FE788C8924D1BB760000EF5B /* CurrencyData.swift */ = {isa = PBXFileReference; lastKnownFileType = sourcecode.swift; path = CurrencyData.swift; sourceTree = "<group>"; };
		FE788C8B24D1BBD80000EF5B /* CurrencyManager.swift */ = {isa = PBXFileReference; lastKnownFileType = sourcecode.swift; path = CurrencyManager.swift; sourceTree = "<group>"; };
		FE788C8D24D1BBF90000EF5B /* CurrencyModel.swift */ = {isa = PBXFileReference; lastKnownFileType = sourcecode.swift; path = CurrencyModel.swift; sourceTree = "<group>"; };
		FE839A6124D1C16200D51632 /* Settings.swift */ = {isa = PBXFileReference; lastKnownFileType = sourcecode.swift; path = Settings.swift; sourceTree = "<group>"; };
		FE839A6524D1E4FA00D51632 /* StackViewBackground.swift */ = {isa = PBXFileReference; lastKnownFileType = sourcecode.swift; path = StackViewBackground.swift; sourceTree = "<group>"; };
/* End PBXFileReference section */

/* Begin PBXFrameworksBuildPhase section */
		FE788C6A24D1A2DF0000EF5B /* Frameworks */ = {
			isa = PBXFrameworksBuildPhase;
			buildActionMask = 2147483647;
			files = (
				FC15CF1EBC91D76D3FC536D2 /* Pods_ByteCoin.framework in Frameworks */,
			);
			runOnlyForDeploymentPostprocessing = 0;
		};
/* End PBXFrameworksBuildPhase section */

/* Begin PBXGroup section */
		8A31BD833798EDF038D6B73F /* Pods */ = {
			isa = PBXGroup;
			children = (
				9A208E1DF4557574DFBD410E /* Pods-ByteCoin.debug.xcconfig */,
				5C433A273496982FD446AA54 /* Pods-ByteCoin.release.xcconfig */,
			);
			name = Pods;
			path = Pods;
			sourceTree = "<group>";
		};
		B01E388900FD8C697F09F32B /* Frameworks */ = {
			isa = PBXGroup;
			children = (
				DA38B2693C595CF7BC4EB0A4 /* Pods_ByteCoin.framework */,
			);
			name = Frameworks;
			sourceTree = "<group>";
		};
		FE788C6424D1A2DF0000EF5B = {
			isa = PBXGroup;
			children = (
				FE788C6F24D1A2DF0000EF5B /* ByteCoin */,
				FE788C6E24D1A2DF0000EF5B /* Products */,
				8A31BD833798EDF038D6B73F /* Pods */,
				B01E388900FD8C697F09F32B /* Frameworks */,
			);
			sourceTree = "<group>";
		};
		FE788C6E24D1A2DF0000EF5B /* Products */ = {
			isa = PBXGroup;
			children = (
				FE788C6D24D1A2DF0000EF5B /* ByteCoin.app */,
			);
			name = Products;
			sourceTree = "<group>";
		};
		FE788C6F24D1A2DF0000EF5B /* ByteCoin */ = {
			isa = PBXGroup;
			children = (
				FE788C8824D1A34C0000EF5B /* Application */,
				FE788C8524D1A33B0000EF5B /* Models */,
				FE788C8724D1A3470000EF5B /* Views */,
				FE788C8424D1A3280000EF5B /* Controllers */,
				FE788C7924D1A2E10000EF5B /* Assets.xcassets */,
			);
			path = ByteCoin;
			sourceTree = "<group>";
		};
		FE788C8424D1A3280000EF5B /* Controllers */ = {
			isa = PBXGroup;
			children = (
				FE788C7424D1A2DF0000EF5B /* ByteCoinViewController.swift */,
			);
			path = Controllers;
			sourceTree = "<group>";
		};
		FE788C8524D1A33B0000EF5B /* Models */ = {
			isa = PBXGroup;
			children = (
				FE839A6424D1E4E900D51632 /* Extensions */,
				FE788C8924D1BB760000EF5B /* CurrencyData.swift */,
				FE788C8B24D1BBD80000EF5B /* CurrencyManager.swift */,
				FE788C8D24D1BBF90000EF5B /* CurrencyModel.swift */,
				FE839A6124D1C16200D51632 /* Settings.swift */,
			);
			path = Models;
			sourceTree = "<group>";
		};
		FE788C8724D1A3470000EF5B /* Views */ = {
			isa = PBXGroup;
			children = (
				FE788C7624D1A2DF0000EF5B /* Main.storyboard */,
				FE788C7B24D1A2E10000EF5B /* LaunchScreen.storyboard */,
			);
			path = Views;
			sourceTree = "<group>";
		};
		FE788C8824D1A34C0000EF5B /* Application */ = {
			isa = PBXGroup;
			children = (
				FE788C7024D1A2DF0000EF5B /* AppDelegate.swift */,
				FE788C7224D1A2DF0000EF5B /* SceneDelegate.swift */,
				FE788C7E24D1A2E10000EF5B /* Info.plist */,
			);
			path = Application;
			sourceTree = "<group>";
		};
		FE839A6424D1E4E900D51632 /* Extensions */ = {
			isa = PBXGroup;
			children = (
				FE839A6524D1E4FA00D51632 /* StackViewBackground.swift */,
			);
			path = Extensions;
			sourceTree = "<group>";
		};
/* End PBXGroup section */

/* Begin PBXNativeTarget section */
		FE788C6C24D1A2DF0000EF5B /* ByteCoin */ = {
			isa = PBXNativeTarget;
			buildConfigurationList = FE788C8124D1A2E10000EF5B /* Build configuration list for PBXNativeTarget "ByteCoin" */;
			buildPhases = (
				343EC87025752E810C4677F6 /* [CP] Check Pods Manifest.lock */,
				FE788C6924D1A2DF0000EF5B /* Sources */,
				FE788C6A24D1A2DF0000EF5B /* Frameworks */,
				FE788C6B24D1A2DF0000EF5B /* Resources */,
				712C249B08288F0AC80595AD /* [CP] Embed Pods Frameworks */,
			);
			buildRules = (
			);
			dependencies = (
			);
			name = ByteCoin;
			productName = ByteCoin;
			productReference = FE788C6D24D1A2DF0000EF5B /* ByteCoin.app */;
			productType = "com.apple.product-type.application";
		};
/* End PBXNativeTarget section */

/* Begin PBXProject section */
		FE788C6524D1A2DF0000EF5B /* Project object */ = {
			isa = PBXProject;
			attributes = {
				LastSwiftUpdateCheck = 1130;
				LastUpgradeCheck = 1130;
				ORGANIZATIONNAME = Tarokh;
				TargetAttributes = {
					FE788C6C24D1A2DF0000EF5B = {
						CreatedOnToolsVersion = 11.3.1;
					};
				};
			};
			buildConfigurationList = FE788C6824D1A2DF0000EF5B /* Build configuration list for PBXProject "ByteCoin" */;
			compatibilityVersion = "Xcode 9.3";
			developmentRegion = en;
			hasScannedForEncodings = 0;
			knownRegions = (
				en,
				Base,
			);
			mainGroup = FE788C6424D1A2DF0000EF5B;
			productRefGroup = FE788C6E24D1A2DF0000EF5B /* Products */;
			projectDirPath = "";
			projectRoot = "";
			targets = (
				FE788C6C24D1A2DF0000EF5B /* ByteCoin */,
			);
		};
/* End PBXProject section */

/* Begin PBXResourcesBuildPhase section */
		FE788C6B24D1A2DF0000EF5B /* Resources */ = {
			isa = PBXResourcesBuildPhase;
			buildActionMask = 2147483647;
			files = (
				FE788C7D24D1A2E10000EF5B /* LaunchScreen.storyboard in Resources */,
				FE788C7A24D1A2E10000EF5B /* Assets.xcassets in Resources */,
				FE788C7824D1A2DF0000EF5B /* Main.storyboard in Resources */,
			);
			runOnlyForDeploymentPostprocessing = 0;
		};
/* End PBXResourcesBuildPhase section */

/* Begin PBXShellScriptBuildPhase section */
		343EC87025752E810C4677F6 /* [CP] Check Pods Manifest.lock */ = {
			isa = PBXShellScriptBuildPhase;
			buildActionMask = 2147483647;
			files = (
			);
			inputFileListPaths = (
			);
			inputPaths = (
				"${PODS_PODFILE_DIR_PATH}/Podfile.lock",
				"${PODS_ROOT}/Manifest.lock",
			);
			name = "[CP] Check Pods Manifest.lock";
			outputFileListPaths = (
			);
			outputPaths = (
				"$(DERIVED_FILE_DIR)/Pods-ByteCoin-checkManifestLockResult.txt",
			);
			runOnlyForDeploymentPostprocessing = 0;
			shellPath = /bin/sh;
			shellScript = "diff \"${PODS_PODFILE_DIR_PATH}/Podfile.lock\" \"${PODS_ROOT}/Manifest.lock\" > /dev/null\nif [ $? != 0 ] ; then\n    # print error to STDERR\n    echo \"error: The sandbox is not in sync with the Podfile.lock. Run 'pod install' or update your CocoaPods installation.\" >&2\n    exit 1\nfi\n# This output is used by Xcode 'outputs' to avoid re-running this script phase.\necho \"SUCCESS\" > \"${SCRIPT_OUTPUT_FILE_0}\"\n";
			showEnvVarsInLog = 0;
		};
		712C249B08288F0AC80595AD /* [CP] Embed Pods Frameworks */ = {
			isa = PBXShellScriptBuildPhase;
			buildActionMask = 2147483647;
			files = (
			);
			inputFileListPaths = (
				"${PODS_ROOT}/Target Support Files/Pods-ByteCoin/Pods-ByteCoin-frameworks-${CONFIGURATION}-input-files.xcfilelist",
			);
			name = "[CP] Embed Pods Frameworks";
			outputFileListPaths = (
				"${PODS_ROOT}/Target Support Files/Pods-ByteCoin/Pods-ByteCoin-frameworks-${CONFIGURATION}-output-files.xcfilelist",
			);
			runOnlyForDeploymentPostprocessing = 0;
			shellPath = /bin/sh;
			shellScript = "\"${PODS_ROOT}/Target Support Files/Pods-ByteCoin/Pods-ByteCoin-frameworks.sh\"\n";
			showEnvVarsInLog = 0;
		};
/* End PBXShellScriptBuildPhase section */

/* Begin PBXSourcesBuildPhase section */
		FE788C6924D1A2DF0000EF5B /* Sources */ = {
			isa = PBXSourcesBuildPhase;
			buildActionMask = 2147483647;
			files = (
				FE788C7524D1A2DF0000EF5B /* ByteCoinViewController.swift in Sources */,
				FE788C8C24D1BBD80000EF5B /* CurrencyManager.swift in Sources */,
				FE788C8E24D1BBF90000EF5B /* CurrencyModel.swift in Sources */,
				FE788C7124D1A2DF0000EF5B /* AppDelegate.swift in Sources */,
				FE839A6224D1C16200D51632 /* Settings.swift in Sources */,
				FE839A6624D1E4FA00D51632 /* StackViewBackground.swift in Sources */,
				FE788C8A24D1BB760000EF5B /* CurrencyData.swift in Sources */,
				FE788C7324D1A2DF0000EF5B /* SceneDelegate.swift in Sources */,
			);
			runOnlyForDeploymentPostprocessing = 0;
		};
/* End PBXSourcesBuildPhase section */

/* Begin PBXVariantGroup section */
		FE788C7624D1A2DF0000EF5B /* Main.storyboard */ = {
			isa = PBXVariantGroup;
			children = (
				FE788C7724D1A2DF0000EF5B /* Base */,
			);
			name = Main.storyboard;
			sourceTree = "<group>";
		};
		FE788C7B24D1A2E10000EF5B /* LaunchScreen.storyboard */ = {
			isa = PBXVariantGroup;
			children = (
				FE788C7C24D1A2E10000EF5B /* Base */,
			);
			name = LaunchScreen.storyboard;
			sourceTree = "<group>";
		};
/* End PBXVariantGroup section */

/* Begin XCBuildConfiguration section */
		FE788C7F24D1A2E10000EF5B /* Debug */ = {
			isa = XCBuildConfiguration;
			buildSettings = {
				ALWAYS_SEARCH_USER_PATHS = NO;
				CLANG_ANALYZER_NONNULL = YES;
				CLANG_ANALYZER_NUMBER_OBJECT_CONVERSION = YES_AGGRESSIVE;
				CLANG_CXX_LANGUAGE_STANDARD = "gnu++14";
				CLANG_CXX_LIBRARY = "libc++";
				CLANG_ENABLE_MODULES = YES;
				CLANG_ENABLE_OBJC_ARC = YES;
				CLANG_ENABLE_OBJC_WEAK = YES;
				CLANG_WARN_BLOCK_CAPTURE_AUTORELEASING = YES;
				CLANG_WARN_BOOL_CONVERSION = YES;
				CLANG_WARN_COMMA = YES;
				CLANG_WARN_CONSTANT_CONVERSION = YES;
				CLANG_WARN_DEPRECATED_OBJC_IMPLEMENTATIONS = YES;
				CLANG_WARN_DIRECT_OBJC_ISA_USAGE = YES_ERROR;
				CLANG_WARN_DOCUMENTATION_COMMENTS = YES;
				CLANG_WARN_EMPTY_BODY = YES;
				CLANG_WARN_ENUM_CONVERSION = YES;
				CLANG_WARN_INFINITE_RECURSION = YES;
				CLANG_WARN_INT_CONVERSION = YES;
				CLANG_WARN_NON_LITERAL_NULL_CONVERSION = YES;
				CLANG_WARN_OBJC_IMPLICIT_RETAIN_SELF = YES;
				CLANG_WARN_OBJC_LITERAL_CONVERSION = YES;
				CLANG_WARN_OBJC_ROOT_CLASS = YES_ERROR;
				CLANG_WARN_RANGE_LOOP_ANALYSIS = YES;
				CLANG_WARN_STRICT_PROTOTYPES = YES;
				CLANG_WARN_SUSPICIOUS_MOVE = YES;
				CLANG_WARN_UNGUARDED_AVAILABILITY = YES_AGGRESSIVE;
				CLANG_WARN_UNREACHABLE_CODE = YES;
				CLANG_WARN__DUPLICATE_METHOD_MATCH = YES;
				COPY_PHASE_STRIP = NO;
				DEBUG_INFORMATION_FORMAT = dwarf;
				ENABLE_STRICT_OBJC_MSGSEND = YES;
				ENABLE_TESTABILITY = YES;
				GCC_C_LANGUAGE_STANDARD = gnu11;
				GCC_DYNAMIC_NO_PIC = NO;
				GCC_NO_COMMON_BLOCKS = YES;
				GCC_OPTIMIZATION_LEVEL = 0;
				GCC_PREPROCESSOR_DEFINITIONS = (
					"DEBUG=1",
					"$(inherited)",
				);
				GCC_WARN_64_TO_32_BIT_CONVERSION = YES;
				GCC_WARN_ABOUT_RETURN_TYPE = YES_ERROR;
				GCC_WARN_UNDECLARED_SELECTOR = YES;
				GCC_WARN_UNINITIALIZED_AUTOS = YES_AGGRESSIVE;
				GCC_WARN_UNUSED_FUNCTION = YES;
				GCC_WARN_UNUSED_VARIABLE = YES;
				IPHONEOS_DEPLOYMENT_TARGET = 13.2;
				MTL_ENABLE_DEBUG_INFO = INCLUDE_SOURCE;
				MTL_FAST_MATH = YES;
				ONLY_ACTIVE_ARCH = YES;
				SDKROOT = iphoneos;
				SWIFT_ACTIVE_COMPILATION_CONDITIONS = DEBUG;
				SWIFT_OPTIMIZATION_LEVEL = "-Onone";
			};
			name = Debug;
		};
		FE788C8024D1A2E10000EF5B /* Release */ = {
			isa = XCBuildConfiguration;
			buildSettings = {
				ALWAYS_SEARCH_USER_PATHS = NO;
				CLANG_ANALYZER_NONNULL = YES;
				CLANG_ANALYZER_NUMBER_OBJECT_CONVERSION = YES_AGGRESSIVE;
				CLANG_CXX_LANGUAGE_STANDARD = "gnu++14";
				CLANG_CXX_LIBRARY = "libc++";
				CLANG_ENABLE_MODULES = YES;
				CLANG_ENABLE_OBJC_ARC = YES;
				CLANG_ENABLE_OBJC_WEAK = YES;
				CLANG_WARN_BLOCK_CAPTURE_AUTORELEASING = YES;
				CLANG_WARN_BOOL_CONVERSION = YES;
				CLANG_WARN_COMMA = YES;
				CLANG_WARN_CONSTANT_CONVERSION = YES;
				CLANG_WARN_DEPRECATED_OBJC_IMPLEMENTATIONS = YES;
				CLANG_WARN_DIRECT_OBJC_ISA_USAGE = YES_ERROR;
				CLANG_WARN_DOCUMENTATION_COMMENTS = YES;
				CLANG_WARN_EMPTY_BODY = YES;
				CLANG_WARN_ENUM_CONVERSION = YES;
				CLANG_WARN_INFINITE_RECURSION = YES;
				CLANG_WARN_INT_CONVERSION = YES;
				CLANG_WARN_NON_LITERAL_NULL_CONVERSION = YES;
				CLANG_WARN_OBJC_IMPLICIT_RETAIN_SELF = YES;
				CLANG_WARN_OBJC_LITERAL_CONVERSION = YES;
				CLANG_WARN_OBJC_ROOT_CLASS = YES_ERROR;
				CLANG_WARN_RANGE_LOOP_ANALYSIS = YES;
				CLANG_WARN_STRICT_PROTOTYPES = YES;
				CLANG_WARN_SUSPICIOUS_MOVE = YES;
				CLANG_WARN_UNGUARDED_AVAILABILITY = YES_AGGRESSIVE;
				CLANG_WARN_UNREACHABLE_CODE = YES;
				CLANG_WARN__DUPLICATE_METHOD_MATCH = YES;
				COPY_PHASE_STRIP = NO;
				DEBUG_INFORMATION_FORMAT = "dwarf-with-dsym";
				ENABLE_NS_ASSERTIONS = NO;
				ENABLE_STRICT_OBJC_MSGSEND = YES;
				GCC_C_LANGUAGE_STANDARD = gnu11;
				GCC_NO_COMMON_BLOCKS = YES;
				GCC_WARN_64_TO_32_BIT_CONVERSION = YES;
				GCC_WARN_ABOUT_RETURN_TYPE = YES_ERROR;
				GCC_WARN_UNDECLARED_SELECTOR = YES;
				GCC_WARN_UNINITIALIZED_AUTOS = YES_AGGRESSIVE;
				GCC_WARN_UNUSED_FUNCTION = YES;
				GCC_WARN_UNUSED_VARIABLE = YES;
				IPHONEOS_DEPLOYMENT_TARGET = 13.2;
				MTL_ENABLE_DEBUG_INFO = NO;
				MTL_FAST_MATH = YES;
				SDKROOT = iphoneos;
				SWIFT_COMPILATION_MODE = wholemodule;
				SWIFT_OPTIMIZATION_LEVEL = "-O";
				VALIDATE_PRODUCT = YES;
			};
			name = Release;
		};
		FE788C8224D1A2E10000EF5B /* Debug */ = {
			isa = XCBuildConfiguration;
			baseConfigurationReference = 9A208E1DF4557574DFBD410E /* Pods-ByteCoin.debug.xcconfig */;
			buildSettings = {
				ASSETCATALOG_COMPILER_APPICON_NAME = AppIcon;
				CODE_SIGN_STYLE = Automatic;
				DEVELOPMENT_TEAM = BCBPPBQAT3;
				INFOPLIST_FILE = "$(SRCROOT)/ByteCoin/Application/Info.plist";
				IPHONEOS_DEPLOYMENT_TARGET = 12.0;
				LD_RUNPATH_SEARCH_PATHS = (
					"$(inherited)",
					"@executable_path/Frameworks",
				);
				PRODUCT_BUNDLE_IDENTIFIER = TAROKH.ByteCoin;
				PRODUCT_NAME = "$(TARGET_NAME)";
				SWIFT_VERSION = 5.0;
				TARGETED_DEVICE_FAMILY = "1,2";
			};
			name = Debug;
		};
		FE788C8324D1A2E10000EF5B /* Release */ = {
			isa = XCBuildConfiguration;
			baseConfigurationReference = 5C433A273496982FD446AA54 /* Pods-ByteCoin.release.xcconfig */;
			buildSettings = {
				ASSETCATALOG_COMPILER_APPICON_NAME = AppIcon;
				CODE_SIGN_STYLE = Automatic;
				DEVELOPMENT_TEAM = BCBPPBQAT3;
				INFOPLIST_FILE = "$(SRCROOT)/ByteCoin/Application/Info.plist";
				IPHONEOS_DEPLOYMENT_TARGET = 12.0;
				LD_RUNPATH_SEARCH_PATHS = (
					"$(inherited)",
					"@executable_path/Frameworks",
				);
				PRODUCT_BUNDLE_IDENTIFIER = TAROKH.ByteCoin;
				PRODUCT_NAME = "$(TARGET_NAME)";
				SWIFT_VERSION = 5.0;
				TARGETED_DEVICE_FAMILY = "1,2";
			};
			name = Release;
		};
/* End XCBuildConfiguration section */

/* Begin XCConfigurationList section */
		FE788C6824D1A2DF0000EF5B /* Build configuration list for PBXProject "ByteCoin" */ = {
			isa = XCConfigurationList;
			buildConfigurations = (
				FE788C7F24D1A2E10000EF5B /* Debug */,
				FE788C8024D1A2E10000EF5B /* Release */,
			);
			defaultConfigurationIsVisible = 0;
			defaultConfigurationName = Release;
		};
		FE788C8124D1A2E10000EF5B /* Build configuration list for PBXNativeTarget "ByteCoin" */ = {
			isa = XCConfigurationList;
			buildConfigurations = (
				FE788C8224D1A2E10000EF5B /* Debug */,
				FE788C8324D1A2E10000EF5B /* Release */,
			);
			defaultConfigurationIsVisible = 0;
			defaultConfigurationName = Release;
		};
/* End XCConfigurationList section */
	};
	rootObject = FE788C6524D1A2DF0000EF5B /* Project object */;
}
